
Microsoft Visual Studio Solution File, Format Version 12.00
# Visual Studio Version 17
VisualStudioVersion = 17.4.33213.308
MinimumVisualStudioVersion = 10.0.40219.1
Project("{9A19103F-16F7-4668-BE54-9A1E7A4F7556}") = "RainbowTables", "RainbowTables\RainbowTables.csproj", "{F407D6B2-D5E2-46B7-A221-88D1A676C359}"
EndProject
Project("{FAE04EC0-301F-11D3-BF4B-00C04F79EFBC}") = "RainbowTablesAsync", "RainbowTablesAsync\RainbowTablesAsync.csproj", "{AD78076E-09D8-44A9-ABEF-9990B2BF8D37}"
EndProject
Global
	GlobalSection(SolutionConfigurationPlatforms) = preSolution
		Debug|Any CPU = Debug|Any CPU
		Release|Any CPU = Release|Any CPU
	EndGlobalSection
	GlobalSection(ProjectConfigurationPlatforms) = postSolution
		{F407D6B2-D5E2-46B7-A221-88D1A676C359}.Debug|Any CPU.ActiveCfg = Debug|Any CPU
		{F407D6B2-D5E2-46B7-A221-88D1A676C359}.Debug|Any CPU.Build.0 = Debug|Any CPU
		{F407D6B2-D5E2-46B7-A221-88D1A676C359}.Release|Any CPU.ActiveCfg = Release|Any CPU
		{F407D6B2-D5E2-46B7-A221-88D1A676C359}.Release|Any CPU.Build.0 = Release|Any CPU
		{AD78076E-09D8-44A9-ABEF-9990B2BF8D37}.Debug|Any CPU.ActiveCfg = Debug|Any CPU
		{AD78076E-09D8-44A9-ABEF-9990B2BF8D37}.Debug|Any CPU.Build.0 = Debug|Any CPU
		{AD78076E-09D8-44A9-ABEF-9990B2BF8D37}.Release|Any CPU.ActiveCfg = Release|Any CPU
		{AD78076E-09D8-44A9-ABEF-9990B2BF8D37}.Release|Any CPU.Build.0 = Release|Any CPU
	EndGlobalSection
	GlobalSection(SolutionProperties) = preSolution
		HideSolutionNode = FALSE
	EndGlobalSection
	GlobalSection(ExtensibilityGlobals) = postSolution
		SolutionGuid = {6314042B-E796-4C26-A78E-9B02A93DF2AC}
	EndGlobalSection
EndGlobal
